
Microsoft Visual Studio Solution File, Format Version 12.00
# Visual Studio 14
VisualStudioVersion = 14.0.23107.0
MinimumVisualStudioVersion = 10.0.40219.1
Project("{FAE04EC0-301F-11D3-BF4B-00C04F79EFBC}") = "BODDal", "BODDal\BODDal.csproj", "{B8F181C9-EE81-4549-A928-E5965CD7E23F}"
EndProject
Project("{FAE04EC0-301F-11D3-BF4B-00C04F79EFBC}") = "BODAPP", "BODAPP\BODAPP.csproj", "{F77F65F7-EE35-411A-ABB8-6137A1FFD762}"
EndProject
Global
	GlobalSection(SolutionConfigurationPlatforms) = preSolution
		Debug|Any CPU = Debug|Any CPU
		Release|Any CPU = Release|Any CPU
	EndGlobalSection
	GlobalSection(ProjectConfigurationPlatforms) = postSolution
		{B8F181C9-EE81-4549-A928-E5965CD7E23F}.Debug|Any CPU.ActiveCfg = Debug|Any CPU
		{B8F181C9-EE81-4549-A928-E5965CD7E23F}.Debug|Any CPU.Build.0 = Debug|Any CPU
		{B8F181C9-EE81-4549-A928-E5965CD7E23F}.Release|Any CPU.ActiveCfg = Release|Any CPU
		{B8F181C9-EE81-4549-A928-E5965CD7E23F}.Release|Any CPU.Build.0 = Release|Any CPU
		{F77F65F7-EE35-411A-ABB8-6137A1FFD762}.Debug|Any CPU.ActiveCfg = Debug|Any CPU
		{F77F65F7-EE35-411A-ABB8-6137A1FFD762}.Debug|Any CPU.Build.0 = Debug|Any CPU
		{F77F65F7-EE35-411A-ABB8-6137A1FFD762}.Release|Any CPU.ActiveCfg = Release|Any CPU
		{F77F65F7-EE35-411A-ABB8-6137A1FFD762}.Release|Any CPU.Build.0 = Release|Any CPU
	EndGlobalSection
	GlobalSection(SolutionProperties) = preSolution
		HideSolutionNode = FALSE
	EndGlobalSection
EndGlobal
